
Microsoft Visual Studio Solution File, Format Version 12.00
# Visual Studio 2012
Project("{FAE04EC0-301F-11D3-BF4B-00C04F79EFBC}") = "POSSystem", "POSSystem\POSSystem.csproj", "{6977E1F0-0CD3-4A3B-9673-BDA117DAE0B9}"
EndProject
Project("{FAE04EC0-301F-11D3-BF4B-00C04F79EFBC}") = "POSSystem.Tests", "POSSystem.Tests\POSSystem.Tests.csproj", "{4BC6FD81-C5D4-409D-A281-CCCAFB85E11C}"
EndProject
Global
	GlobalSection(SolutionConfigurationPlatforms) = preSolution
		Debug|Any CPU = Debug|Any CPU
		Release|Any CPU = Release|Any CPU
	EndGlobalSection
	GlobalSection(ProjectConfigurationPlatforms) = postSolution
		{6977E1F0-0CD3-4A3B-9673-BDA117DAE0B9}.Debug|Any CPU.ActiveCfg = Debug|Any CPU
		{6977E1F0-0CD3-4A3B-9673-BDA117DAE0B9}.Debug|Any CPU.Build.0 = Debug|Any CPU
		{6977E1F0-0CD3-4A3B-9673-BDA117DAE0B9}.Release|Any CPU.ActiveCfg = Release|Any CPU
		{6977E1F0-0CD3-4A3B-9673-BDA117DAE0B9}.Release|Any CPU.Build.0 = Release|Any CPU
		{4BC6FD81-C5D4-409D-A281-CCCAFB85E11C}.Debug|Any CPU.ActiveCfg = Debug|Any CPU
		{4BC6FD81-C5D4-409D-A281-CCCAFB85E11C}.Debug|Any CPU.Build.0 = Debug|Any CPU
		{4BC6FD81-C5D4-409D-A281-CCCAFB85E11C}.Release|Any CPU.ActiveCfg = Release|Any CPU
		{4BC6FD81-C5D4-409D-A281-CCCAFB85E11C}.Release|Any CPU.Build.0 = Release|Any CPU
	EndGlobalSection
	GlobalSection(SolutionProperties) = preSolution
		HideSolutionNode = FALSE
	EndGlobalSection
EndGlobal
